
Microsoft Visual Studio Solution File, Format Version 12.00
# Visual Studio Version 16
VisualStudioVersion = 16.0.29926.136
MinimumVisualStudioVersion = 10.0.40219.1
Project("{FAE04EC0-301F-11D3-BF4B-00C04F79EFBC}") = "Loopback", "Loopback\Loopback.csproj", "{7273E84C-0E87-440C-AE2B-6FFD4DB46DA2}"
EndProject
Global
	GlobalSection(SolutionConfigurationPlatforms) = preSolution
		Debug|Any CPU = Debug|Any CPU
		Release|Any CPU = Release|Any CPU
	EndGlobalSection
	GlobalSection(ProjectConfigurationPlatforms) = postSolution
		{7273E84C-0E87-440C-AE2B-6FFD4DB46DA2}.Debug|Any CPU.ActiveCfg = Debug|Any CPU
		{7273E84C-0E87-440C-AE2B-6FFD4DB46DA2}.Debug|Any CPU.Build.0 = Debug|Any CPU
		{7273E84C-0E87-440C-AE2B-6FFD4DB46DA2}.Release|Any CPU.ActiveCfg = Release|Any CPU
		{7273E84C-0E87-440C-AE2B-6FFD4DB46DA2}.Release|Any CPU.Build.0 = Release|Any CPU
	EndGlobalSection
	GlobalSection(SolutionProperties) = preSolution
		HideSolutionNode = FALSE
	EndGlobalSection
	GlobalSection(ExtensibilityGlobals) = postSolution
		SolutionGuid = {A2578A69-416D-4270-823A-65BF153BBA8C}
	EndGlobalSection
EndGlobal
